
Microsoft Visual Studio Solution File, Format Version 12.00
# Visual Studio 14
VisualStudioVersion = 14.0.25420.1
MinimumVisualStudioVersion = 10.0.40219.1
Project("{2150E333-8FDC-42A3-9474-1A3956D46DE8}") = "src", "src", "{09845771-A64F-4C11-A27D-E4D6BAE537FA}"
EndProject
Project("{2150E333-8FDC-42A3-9474-1A3956D46DE8}") = "Solution Items", "Solution Items", "{B840801B-8973-43C3-97D7-0C50E5829E79}"
	ProjectSection(SolutionItems) = preProject
		global.json = global.json
	EndProjectSection
EndProject
Project("{8BB2217D-0F2D-49D1-97BC-3654ED321F3B}") = "ConsoleCoreDapper", "src\ConsoleCoreDapper\ConsoleCoreDapper.xproj", "{F067D77C-3E1D-4466-AF6B-A84FB38B8D90}"
EndProject
Global
	GlobalSection(SolutionConfigurationPlatforms) = preSolution
		Debug|Any CPU = Debug|Any CPU
		Release|Any CPU = Release|Any CPU
	EndGlobalSection
	GlobalSection(ProjectConfigurationPlatforms) = postSolution
		{F067D77C-3E1D-4466-AF6B-A84FB38B8D90}.Debug|Any CPU.ActiveCfg = Debug|Any CPU
		{F067D77C-3E1D-4466-AF6B-A84FB38B8D90}.Debug|Any CPU.Build.0 = Debug|Any CPU
		{F067D77C-3E1D-4466-AF6B-A84FB38B8D90}.Release|Any CPU.ActiveCfg = Release|Any CPU
		{F067D77C-3E1D-4466-AF6B-A84FB38B8D90}.Release|Any CPU.Build.0 = Release|Any CPU
	EndGlobalSection
	GlobalSection(SolutionProperties) = preSolution
		HideSolutionNode = FALSE
	EndGlobalSection
	GlobalSection(NestedProjects) = preSolution
		{F067D77C-3E1D-4466-AF6B-A84FB38B8D90} = {09845771-A64F-4C11-A27D-E4D6BAE537FA}
	EndGlobalSection
EndGlobal
